
Microsoft Visual Studio Solution File, Format Version 12.00
# Visual Studio Version 17
VisualStudioVersion = 17.5.33516.290
MinimumVisualStudioVersion = 10.0.40219.1
Project("{9A19103F-16F7-4668-BE54-9A1E7A4F7556}") = "WUView", "WUView\WUView.csproj", "{2E751468-2744-4042-81F5-853FBE67C098}"
EndProject
Project("{2150E333-8FDC-42A3-9474-1A3956D46DE8}") = "Solution Items", "Solution Items", "{4F173CCE-2C97-49E9-B081-05348897E99C}"
	ProjectSection(SolutionItems) = preProject
		.github\ISSUE_TEMPLATE\bug_report.yml = .github\ISSUE_TEMPLATE\bug_report.yml
		.github\ISSUE_TEMPLATE\config.yml = .github\ISSUE_TEMPLATE\config.yml
		.github\ISSUE_TEMPLATE\enhancement.yml = .github\ISSUE_TEMPLATE\enhancement.yml
		NewReleaseTemplate.md = NewReleaseTemplate.md
		README.md = README.md
		.github\ISSUE_TEMPLATE\translation_issue.yml = .github\ISSUE_TEMPLATE\translation_issue.yml
		version.json = version.json
	EndProjectSection
EndProject
Global
	GlobalSection(SolutionConfigurationPlatforms) = preSolution
		Debug|Any CPU = Debug|Any CPU
		Release|Any CPU = Release|Any CPU
	EndGlobalSection
	GlobalSection(ProjectConfigurationPlatforms) = postSolution
		{2E751468-2744-4042-81F5-853FBE67C098}.Debug|Any CPU.ActiveCfg = Debug|Any CPU
		{2E751468-2744-4042-81F5-853FBE67C098}.Debug|Any CPU.Build.0 = Debug|Any CPU
		{2E751468-2744-4042-81F5-853FBE67C098}.Release|Any CPU.ActiveCfg = Release|Any CPU
		{2E751468-2744-4042-81F5-853FBE67C098}.Release|Any CPU.Build.0 = Release|Any CPU
	EndGlobalSection
	GlobalSection(SolutionProperties) = preSolution
		HideSolutionNode = FALSE
	EndGlobalSection
	GlobalSection(ExtensibilityGlobals) = postSolution
		RESX_ConfirmAddLanguageFile = True
		RESX_AutoCreateNewLanguageFiles = True
		RESX_RemoveEmptyEntries = False
		SolutionGuid = {79767ED0-375D-4153-9F6A-DAE1A0B29ACF}
	EndGlobalSection
EndGlobal
